
Microsoft Visual Studio Solution File, Format Version 12.00
# Visual Studio Version 17
VisualStudioVersion = 17.12.35527.113 d17.12
MinimumVisualStudioVersion = 10.0.40219.1
Project("{2150E333-8FDC-42A3-9474-1A3956D46DE8}") = "Core", "Core", "{E480A594-BBE2-4703-971C-FCFFE49D1978}"
EndProject
Project("{2150E333-8FDC-42A3-9474-1A3956D46DE8}") = "Frontends", "Frontends", "{1D1253E6-3198-4C04-9E3E-0F94B0EE3AF7}"
EndProject
Project("{2150E333-8FDC-42A3-9474-1A3956D46DE8}") = "Infrastructure", "Infrastructure", "{9ADEE80E-558C-44E2-84A5-F22D5B1024E1}"
EndProject
Project("{2150E333-8FDC-42A3-9474-1A3956D46DE8}") = "Presentation", "Presentation", "{2B71FB67-F421-4772-A054-84458291A1AB}"
EndProject
Project("{2150E333-8FDC-42A3-9474-1A3956D46DE8}") = "Requirements", "Requirements", "{CC8BCEE1-20F7-49F9-8119-2BABEA45EB67}"
EndProject
Project("{FAE04EC0-301F-11D3-BF4B-00C04F79EFBC}") = "MovieApi.Domain", "Core\MovieApi.Domain\MovieApi.Domain.csproj", "{86D310E9-CF7C-4C98-822E-0D13777B9050}"
EndProject
Project("{FAE04EC0-301F-11D3-BF4B-00C04F79EFBC}") = "MovieApi.Persistence", "Infrastructure\MovieApi.Persistence\MovieApi.Persistence.csproj", "{DA87E1BE-F09C-4330-80C4-10CACDC1EACB}"
EndProject
Project("{FAE04EC0-301F-11D3-BF4B-00C04F79EFBC}") = "MovieApi.WebApi", "Presentation\MovieApi.WebApi\MovieApi.WebApi.csproj", "{C828588E-1165-4BE7-842A-3355E3704666}"
EndProject
Global
	GlobalSection(SolutionConfigurationPlatforms) = preSolution
		Debug|Any CPU = Debug|Any CPU
		Release|Any CPU = Release|Any CPU
	EndGlobalSection
	GlobalSection(ProjectConfigurationPlatforms) = postSolution
		{86D310E9-CF7C-4C98-822E-0D13777B9050}.Debug|Any CPU.ActiveCfg = Debug|Any CPU
		{86D310E9-CF7C-4C98-822E-0D13777B9050}.Debug|Any CPU.Build.0 = Debug|Any CPU
		{86D310E9-CF7C-4C98-822E-0D13777B9050}.Release|Any CPU.ActiveCfg = Release|Any CPU
		{86D310E9-CF7C-4C98-822E-0D13777B9050}.Release|Any CPU.Build.0 = Release|Any CPU
		{DA87E1BE-F09C-4330-80C4-10CACDC1EACB}.Debug|Any CPU.ActiveCfg = Debug|Any CPU
		{DA87E1BE-F09C-4330-80C4-10CACDC1EACB}.Debug|Any CPU.Build.0 = Debug|Any CPU
		{DA87E1BE-F09C-4330-80C4-10CACDC1EACB}.Release|Any CPU.ActiveCfg = Release|Any CPU
		{DA87E1BE-F09C-4330-80C4-10CACDC1EACB}.Release|Any CPU.Build.0 = Release|Any CPU
		{C828588E-1165-4BE7-842A-3355E3704666}.Debug|Any CPU.ActiveCfg = Debug|Any CPU
		{C828588E-1165-4BE7-842A-3355E3704666}.Debug|Any CPU.Build.0 = Debug|Any CPU
		{C828588E-1165-4BE7-842A-3355E3704666}.Release|Any CPU.ActiveCfg = Release|Any CPU
		{C828588E-1165-4BE7-842A-3355E3704666}.Release|Any CPU.Build.0 = Release|Any CPU
	EndGlobalSection
	GlobalSection(SolutionProperties) = preSolution
		HideSolutionNode = FALSE
	EndGlobalSection
	GlobalSection(NestedProjects) = preSolution
		{86D310E9-CF7C-4C98-822E-0D13777B9050} = {E480A594-BBE2-4703-971C-FCFFE49D1978}
		{DA87E1BE-F09C-4330-80C4-10CACDC1EACB} = {9ADEE80E-558C-44E2-84A5-F22D5B1024E1}
		{C828588E-1165-4BE7-842A-3355E3704666} = {2B71FB67-F421-4772-A054-84458291A1AB}
	EndGlobalSection
EndGlobal
